// !$*UTF8*$!
{
	archiveVersion = 1;
	classes = {
	};
	objectVersion = 50;
	objects = {

/* Begin PBXBuildFile section */
		992E089624B246610093DD80 /* Mapping.swift in Sources */ = {isa = PBXBuildFile; fileRef = 992E089524B246610093DD80 /* Mapping.swift */; };
		996588A624B0F3930007260B /* Bindings.swift in Sources */ = {isa = PBXBuildFile; fileRef = 996588A524B0F3930007260B /* Bindings.swift */; };
		996C151D24B613F600F58994 /* SpotProcessor.swift in Sources */ = {isa = PBXBuildFile; fileRef = 996C151C24B613F600F58994 /* SpotProcessor.swift */; };
		996C151F24B6141200F58994 /* TelnetManager.swift in Sources */ = {isa = PBXBuildFile; fileRef = 996C151E24B6141200F58994 /* TelnetManager.swift */; };
		996C152124B6142900F58994 /* Utility.swift in Sources */ = {isa = PBXBuildFile; fileRef = 996C152024B6142900F58994 /* Utility.swift */; };
		996C152324B6143A00F58994 /* QRZManager.swift in Sources */ = {isa = PBXBuildFile; fileRef = 996C152224B6143A00F58994 /* QRZManager.swift */; };
		996C152524B631B800F58994 /* PreferencesView.swift in Sources */ = {isa = PBXBuildFile; fileRef = 996C152424B631B800F58994 /* PreferencesView.swift */; };
		99944E0724AFCB18004AD573 /* AppDelegate.swift in Sources */ = {isa = PBXBuildFile; fileRef = 99944E0624AFCB18004AD573 /* AppDelegate.swift */; };
		99944E0924AFCB18004AD573 /* ContentView.swift in Sources */ = {isa = PBXBuildFile; fileRef = 99944E0824AFCB18004AD573 /* ContentView.swift */; };
		99944E0B24AFCB18004AD573 /* Assets.xcassets in Resources */ = {isa = PBXBuildFile; fileRef = 99944E0A24AFCB18004AD573 /* Assets.xcassets */; };
		99944E0E24AFCB18004AD573 /* Preview Assets.xcassets in Resources */ = {isa = PBXBuildFile; fileRef = 99944E0D24AFCB18004AD573 /* Preview Assets.xcassets */; };
		99944E1124AFCB19004AD573 /* Main.storyboard in Resources */ = {isa = PBXBuildFile; fileRef = 99944E0F24AFCB19004AD573 /* Main.storyboard */; };
		99D1EA4024B3B12600ACC78B /* CallParser.framework in Frameworks */ = {isa = PBXBuildFile; fileRef = 99D1EA3F24B3B12600ACC78B /* CallParser.framework */; };
		99D1EA4124B3B12600ACC78B /* CallParser.framework in Embed Frameworks */ = {isa = PBXBuildFile; fileRef = 99D1EA3F24B3B12600ACC78B /* CallParser.framework */; settings = {ATTRIBUTES = (CodeSignOnCopy, RemoveHeadersOnCopy, ); }; };
		99D1EA4424B3B33E00ACC78B /* Controller.swift in Sources */ = {isa = PBXBuildFile; fileRef = 99D1EA4324B3B33E00ACC78B /* Controller.swift */; };
/* End PBXBuildFile section */

/* Begin PBXCopyFilesBuildPhase section */
		99D1EA4224B3B12600ACC78B /* Embed Frameworks */ = {
			isa = PBXCopyFilesBuildPhase;
			buildActionMask = 2147483647;
			dstPath = "";
			dstSubfolderSpec = 10;
			files = (
				99D1EA4124B3B12600ACC78B /* CallParser.framework in Embed Frameworks */,
			);
			name = "Embed Frameworks";
			runOnlyForDeploymentPostprocessing = 0;
		};
/* End PBXCopyFilesBuildPhase section */

/* Begin PBXFileReference section */
		992E089524B246610093DD80 /* Mapping.swift */ = {isa = PBXFileReference; lastKnownFileType = sourcecode.swift; path = Mapping.swift; sourceTree = "<group>"; };
		996588A524B0F3930007260B /* Bindings.swift */ = {isa = PBXFileReference; lastKnownFileType = sourcecode.swift; path = Bindings.swift; sourceTree = "<group>"; };
		996C151C24B613F600F58994 /* SpotProcessor.swift */ = {isa = PBXFileReference; lastKnownFileType = sourcecode.swift; path = SpotProcessor.swift; sourceTree = "<group>"; };
		996C151E24B6141200F58994 /* TelnetManager.swift */ = {isa = PBXFileReference; lastKnownFileType = sourcecode.swift; path = TelnetManager.swift; sourceTree = "<group>"; };
		996C152024B6142900F58994 /* Utility.swift */ = {isa = PBXFileReference; lastKnownFileType = sourcecode.swift; path = Utility.swift; sourceTree = "<group>"; };
		996C152224B6143A00F58994 /* QRZManager.swift */ = {isa = PBXFileReference; lastKnownFileType = sourcecode.swift; path = QRZManager.swift; sourceTree = "<group>"; };
		996C152424B631B800F58994 /* PreferencesView.swift */ = {isa = PBXFileReference; lastKnownFileType = sourcecode.swift; path = PreferencesView.swift; sourceTree = "<group>"; };
		99944E0324AFCB18004AD573 /* xCluster.app */ = {isa = PBXFileReference; explicitFileType = wrapper.application; includeInIndex = 0; path = xCluster.app; sourceTree = BUILT_PRODUCTS_DIR; };
		99944E0624AFCB18004AD573 /* AppDelegate.swift */ = {isa = PBXFileReference; lastKnownFileType = sourcecode.swift; path = AppDelegate.swift; sourceTree = "<group>"; };
		99944E0824AFCB18004AD573 /* ContentView.swift */ = {isa = PBXFileReference; lastKnownFileType = sourcecode.swift; path = ContentView.swift; sourceTree = "<group>"; };
		99944E0A24AFCB18004AD573 /* Assets.xcassets */ = {isa = PBXFileReference; lastKnownFileType = folder.assetcatalog; path = Assets.xcassets; sourceTree = "<group>"; };
		99944E0D24AFCB18004AD573 /* Preview Assets.xcassets */ = {isa = PBXFileReference; lastKnownFileType = folder.assetcatalog; path = "Preview Assets.xcassets"; sourceTree = "<group>"; };
		99944E1024AFCB19004AD573 /* Base */ = {isa = PBXFileReference; lastKnownFileType = file.storyboard; name = Base; path = Base.lproj/Main.storyboard; sourceTree = "<group>"; };
		99944E1224AFCB19004AD573 /* Info.plist */ = {isa = PBXFileReference; lastKnownFileType = text.plist.xml; path = Info.plist; sourceTree = "<group>"; };
		99944E1324AFCB19004AD573 /* xCluster.entitlements */ = {isa = PBXFileReference; lastKnownFileType = text.plist.entitlements; path = xCluster.entitlements; sourceTree = "<group>"; };
		99D1EA3F24B3B12600ACC78B /* CallParser.framework */ = {isa = PBXFileReference; lastKnownFileType = wrapper.framework; name = CallParser.framework; path = ../../Library/Frameworks/CallParser.framework; sourceTree = "<group>"; };
		99D1EA4324B3B33E00ACC78B /* Controller.swift */ = {isa = PBXFileReference; lastKnownFileType = sourcecode.swift; path = Controller.swift; sourceTree = "<group>"; };
/* End PBXFileReference section */

/* Begin PBXFrameworksBuildPhase section */
		99944E0024AFCB18004AD573 /* Frameworks */ = {
			isa = PBXFrameworksBuildPhase;
			buildActionMask = 2147483647;
			files = (
				99D1EA4024B3B12600ACC78B /* CallParser.framework in Frameworks */,
			);
			runOnlyForDeploymentPostprocessing = 0;
		};
/* End PBXFrameworksBuildPhase section */

/* Begin PBXGroup section */
		996C151A24B6137C00F58994 /* Display Components */ = {
			isa = PBXGroup;
			children = (
				996588A524B0F3930007260B /* Bindings.swift */,
				99D1EA4324B3B33E00ACC78B /* Controller.swift */,
				992E089524B246610093DD80 /* Mapping.swift */,
			);
			path = "Display Components";
			sourceTree = "<group>";
		};
		996C151B24B613B800F58994 /* Network Components */ = {
			isa = PBXGroup;
			children = (
				996C151C24B613F600F58994 /* SpotProcessor.swift */,
				996C151E24B6141200F58994 /* TelnetManager.swift */,
				996C152024B6142900F58994 /* Utility.swift */,
				996C152224B6143A00F58994 /* QRZManager.swift */,
			);
			path = "Network Components";
			sourceTree = "<group>";
		};
		99944DFA24AFCB18004AD573 = {
			isa = PBXGroup;
			children = (
				99944E0524AFCB18004AD573 /* xCluster */,
				99944E0424AFCB18004AD573 /* Products */,
				99D1EA3E24B3B12600ACC78B /* Frameworks */,
			);
			sourceTree = "<group>";
		};
		99944E0424AFCB18004AD573 /* Products */ = {
			isa = PBXGroup;
			children = (
				99944E0324AFCB18004AD573 /* xCluster.app */,
			);
			name = Products;
			sourceTree = "<group>";
		};
		99944E0524AFCB18004AD573 /* xCluster */ = {
			isa = PBXGroup;
			children = (
				99944E0624AFCB18004AD573 /* AppDelegate.swift */,
				99944E0824AFCB18004AD573 /* ContentView.swift */,
				996C152424B631B800F58994 /* PreferencesView.swift */,
				99944E0A24AFCB18004AD573 /* Assets.xcassets */,
				99944E0F24AFCB19004AD573 /* Main.storyboard */,
				99944E1224AFCB19004AD573 /* Info.plist */,
				99944E1324AFCB19004AD573 /* xCluster.entitlements */,
				99944E0C24AFCB18004AD573 /* Preview Content */,
				996C151A24B6137C00F58994 /* Display Components */,
				996C151B24B613B800F58994 /* Network Components */,
			);
			path = xCluster;
			sourceTree = "<group>";
		};
		99944E0C24AFCB18004AD573 /* Preview Content */ = {
			isa = PBXGroup;
			children = (
				99944E0D24AFCB18004AD573 /* Preview Assets.xcassets */,
			);
			path = "Preview Content";
			sourceTree = "<group>";
		};
		99D1EA3E24B3B12600ACC78B /* Frameworks */ = {
			isa = PBXGroup;
			children = (
				99D1EA3F24B3B12600ACC78B /* CallParser.framework */,
			);
			name = Frameworks;
			sourceTree = "<group>";
		};
/* End PBXGroup section */

/* Begin PBXNativeTarget section */
		99944E0224AFCB18004AD573 /* xCluster */ = {
			isa = PBXNativeTarget;
			buildConfigurationList = 99944E1624AFCB19004AD573 /* Build configuration list for PBXNativeTarget "xCluster" */;
			buildPhases = (
				99944DFF24AFCB18004AD573 /* Sources */,
				99944E0024AFCB18004AD573 /* Frameworks */,
				99944E0124AFCB18004AD573 /* Resources */,
				99D1EA4224B3B12600ACC78B /* Embed Frameworks */,
			);
			buildRules = (
			);
			dependencies = (
			);
			name = xCluster;
			productName = xCluster;
			productReference = 99944E0324AFCB18004AD573 /* xCluster.app */;
			productType = "com.apple.product-type.application";
		};
/* End PBXNativeTarget section */

/* Begin PBXProject section */
		99944DFB24AFCB18004AD573 /* Project object */ = {
			isa = PBXProject;
			attributes = {
				LastSwiftUpdateCheck = 1150;
				LastUpgradeCheck = 1150;
				ORGANIZATIONNAME = "Peter Bourget";
				TargetAttributes = {
					99944E0224AFCB18004AD573 = {
						CreatedOnToolsVersion = 11.5;
					};
				};
			};
			buildConfigurationList = 99944DFE24AFCB18004AD573 /* Build configuration list for PBXProject "xCluster" */;
			compatibilityVersion = "Xcode 9.3";
			developmentRegion = en;
			hasScannedForEncodings = 0;
			knownRegions = (
				en,
				Base,
			);
			mainGroup = 99944DFA24AFCB18004AD573;
			productRefGroup = 99944E0424AFCB18004AD573 /* Products */;
			projectDirPath = "";
			projectRoot = "";
			targets = (
				99944E0224AFCB18004AD573 /* xCluster */,
			);
		};
/* End PBXProject section */

/* Begin PBXResourcesBuildPhase section */
		99944E0124AFCB18004AD573 /* Resources */ = {
			isa = PBXResourcesBuildPhase;
			buildActionMask = 2147483647;
			files = (
				99944E1124AFCB19004AD573 /* Main.storyboard in Resources */,
				99944E0E24AFCB18004AD573 /* Preview Assets.xcassets in Resources */,
				99944E0B24AFCB18004AD573 /* Assets.xcassets in Resources */,
			);
			runOnlyForDeploymentPostprocessing = 0;
		};
/* End PBXResourcesBuildPhase section */

/* Begin PBXSourcesBuildPhase section */
		99944DFF24AFCB18004AD573 /* Sources */ = {
			isa = PBXSourcesBuildPhase;
			buildActionMask = 2147483647;
			files = (
				99D1EA4424B3B33E00ACC78B /* Controller.swift in Sources */,
				996C151D24B613F600F58994 /* SpotProcessor.swift in Sources */,
				996C151F24B6141200F58994 /* TelnetManager.swift in Sources */,
				992E089624B246610093DD80 /* Mapping.swift in Sources */,
				996C152324B6143A00F58994 /* QRZManager.swift in Sources */,
				996C152524B631B800F58994 /* PreferencesView.swift in Sources */,
				996C152124B6142900F58994 /* Utility.swift in Sources */,
				99944E0924AFCB18004AD573 /* ContentView.swift in Sources */,
				99944E0724AFCB18004AD573 /* AppDelegate.swift in Sources */,
				996588A624B0F3930007260B /* Bindings.swift in Sources */,
			);
			runOnlyForDeploymentPostprocessing = 0;
		};
/* End PBXSourcesBuildPhase section */

/* Begin PBXVariantGroup section */
		99944E0F24AFCB19004AD573 /* Main.storyboard */ = {
			isa = PBXVariantGroup;
			children = (
				99944E1024AFCB19004AD573 /* Base */,
			);
			name = Main.storyboard;
			sourceTree = "<group>";
		};
/* End PBXVariantGroup section */

/* Begin XCBuildConfiguration section */
		99944E1424AFCB19004AD573 /* Debug */ = {
			isa = XCBuildConfiguration;
			buildSettings = {
				ALWAYS_SEARCH_USER_PATHS = NO;
				CLANG_ANALYZER_NONNULL = YES;
				CLANG_ANALYZER_NUMBER_OBJECT_CONVERSION = YES_AGGRESSIVE;
				CLANG_CXX_LANGUAGE_STANDARD = "gnu++14";
				CLANG_CXX_LIBRARY = "libc++";
				CLANG_ENABLE_MODULES = YES;
				CLANG_ENABLE_OBJC_ARC = YES;
				CLANG_ENABLE_OBJC_WEAK = YES;
				CLANG_WARN_BLOCK_CAPTURE_AUTORELEASING = YES;
				CLANG_WARN_BOOL_CONVERSION = YES;
				CLANG_WARN_COMMA = YES;
				CLANG_WARN_CONSTANT_CONVERSION = YES;
				CLANG_WARN_DEPRECATED_OBJC_IMPLEMENTATIONS = YES;
				CLANG_WARN_DIRECT_OBJC_ISA_USAGE = YES_ERROR;
				CLANG_WARN_DOCUMENTATION_COMMENTS = YES;
				CLANG_WARN_EMPTY_BODY = YES;
				CLANG_WARN_ENUM_CONVERSION = YES;
				CLANG_WARN_INFINITE_RECURSION = YES;
				CLANG_WARN_INT_CONVERSION = YES;
				CLANG_WARN_NON_LITERAL_NULL_CONVERSION = YES;
				CLANG_WARN_OBJC_IMPLICIT_RETAIN_SELF = YES;
				CLANG_WARN_OBJC_LITERAL_CONVERSION = YES;
				CLANG_WARN_OBJC_ROOT_CLASS = YES_ERROR;
				CLANG_WARN_RANGE_LOOP_ANALYSIS = YES;
				CLANG_WARN_STRICT_PROTOTYPES = YES;
				CLANG_WARN_SUSPICIOUS_MOVE = YES;
				CLANG_WARN_UNGUARDED_AVAILABILITY = YES_AGGRESSIVE;
				CLANG_WARN_UNREACHABLE_CODE = YES;
				CLANG_WARN__DUPLICATE_METHOD_MATCH = YES;
				COPY_PHASE_STRIP = NO;
				DEBUG_INFORMATION_FORMAT = dwarf;
				ENABLE_STRICT_OBJC_MSGSEND = YES;
				ENABLE_TESTABILITY = YES;
				GCC_C_LANGUAGE_STANDARD = gnu11;
				GCC_DYNAMIC_NO_PIC = NO;
				GCC_NO_COMMON_BLOCKS = YES;
				GCC_OPTIMIZATION_LEVEL = 0;
				GCC_PREPROCESSOR_DEFINITIONS = (
					"DEBUG=1",
					"$(inherited)",
				);
				GCC_WARN_64_TO_32_BIT_CONVERSION = YES;
				GCC_WARN_ABOUT_RETURN_TYPE = YES_ERROR;
				GCC_WARN_UNDECLARED_SELECTOR = YES;
				GCC_WARN_UNINITIALIZED_AUTOS = YES_AGGRESSIVE;
				GCC_WARN_UNUSED_FUNCTION = YES;
				GCC_WARN_UNUSED_VARIABLE = YES;
				MACOSX_DEPLOYMENT_TARGET = 10.15;
				MTL_ENABLE_DEBUG_INFO = INCLUDE_SOURCE;
				MTL_FAST_MATH = YES;
				ONLY_ACTIVE_ARCH = YES;
				SDKROOT = macosx;
				SWIFT_ACTIVE_COMPILATION_CONDITIONS = DEBUG;
				SWIFT_OPTIMIZATION_LEVEL = "-Onone";
			};
			name = Debug;
		};
		99944E1524AFCB19004AD573 /* Release */ = {
			isa = XCBuildConfiguration;
			buildSettings = {
				ALWAYS_SEARCH_USER_PATHS = NO;
				CLANG_ANALYZER_NONNULL = YES;
				CLANG_ANALYZER_NUMBER_OBJECT_CONVERSION = YES_AGGRESSIVE;
				CLANG_CXX_LANGUAGE_STANDARD = "gnu++14";
				CLANG_CXX_LIBRARY = "libc++";
				CLANG_ENABLE_MODULES = YES;
				CLANG_ENABLE_OBJC_ARC = YES;
				CLANG_ENABLE_OBJC_WEAK = YES;
				CLANG_WARN_BLOCK_CAPTURE_AUTORELEASING = YES;
				CLANG_WARN_BOOL_CONVERSION = YES;
				CLANG_WARN_COMMA = YES;
				CLANG_WARN_CONSTANT_CONVERSION = YES;
				CLANG_WARN_DEPRECATED_OBJC_IMPLEMENTATIONS = YES;
				CLANG_WARN_DIRECT_OBJC_ISA_USAGE = YES_ERROR;
				CLANG_WARN_DOCUMENTATION_COMMENTS = YES;
				CLANG_WARN_EMPTY_BODY = YES;
				CLANG_WARN_ENUM_CONVERSION = YES;
				CLANG_WARN_INFINITE_RECURSION = YES;
				CLANG_WARN_INT_CONVERSION = YES;
				CLANG_WARN_NON_LITERAL_NULL_CONVERSION = YES;
				CLANG_WARN_OBJC_IMPLICIT_RETAIN_SELF = YES;
				CLANG_WARN_OBJC_LITERAL_CONVERSION = YES;
				CLANG_WARN_OBJC_ROOT_CLASS = YES_ERROR;
				CLANG_WARN_RANGE_LOOP_ANALYSIS = YES;
				CLANG_WARN_STRICT_PROTOTYPES = YES;
				CLANG_WARN_SUSPICIOUS_MOVE = YES;
				CLANG_WARN_UNGUARDED_AVAILABILITY = YES_AGGRESSIVE;
				CLANG_WARN_UNREACHABLE_CODE = YES;
				CLANG_WARN__DUPLICATE_METHOD_MATCH = YES;
				COPY_PHASE_STRIP = NO;
				DEBUG_INFORMATION_FORMAT = "dwarf-with-dsym";
				ENABLE_NS_ASSERTIONS = NO;
				ENABLE_STRICT_OBJC_MSGSEND = YES;
				GCC_C_LANGUAGE_STANDARD = gnu11;
				GCC_NO_COMMON_BLOCKS = YES;
				GCC_WARN_64_TO_32_BIT_CONVERSION = YES;
				GCC_WARN_ABOUT_RETURN_TYPE = YES_ERROR;
				GCC_WARN_UNDECLARED_SELECTOR = YES;
				GCC_WARN_UNINITIALIZED_AUTOS = YES_AGGRESSIVE;
				GCC_WARN_UNUSED_FUNCTION = YES;
				GCC_WARN_UNUSED_VARIABLE = YES;
				MACOSX_DEPLOYMENT_TARGET = 10.15;
				MTL_ENABLE_DEBUG_INFO = NO;
				MTL_FAST_MATH = YES;
				SDKROOT = macosx;
				SWIFT_COMPILATION_MODE = wholemodule;
				SWIFT_OPTIMIZATION_LEVEL = "-O";
			};
			name = Release;
		};
		99944E1724AFCB19004AD573 /* Debug */ = {
			isa = XCBuildConfiguration;
			buildSettings = {
				ASSETCATALOG_COMPILER_APPICON_NAME = AppIcon;
				CODE_SIGN_ENTITLEMENTS = xCluster/xCluster.entitlements;
				CODE_SIGN_STYLE = Automatic;
				COMBINE_HIDPI_IMAGES = YES;
				DEVELOPMENT_ASSET_PATHS = "\"xCluster/Preview Content\"";
				DEVELOPMENT_TEAM = JE278GX57V;
				ENABLE_HARDENED_RUNTIME = YES;
				ENABLE_PREVIEWS = YES;
				FRAMEWORK_SEARCH_PATHS = (
					"$(inherited)",
					"$(USER_LIBRARY_DIR)/Frameworks",
				);
				INFOPLIST_FILE = xCluster/Info.plist;
				LD_RUNPATH_SEARCH_PATHS = (
					"$(inherited)",
					"@executable_path/../Frameworks",
				);
				MACOSX_DEPLOYMENT_TARGET = 10.15;
				PRODUCT_BUNDLE_IDENTIFIER = com.w6op.xCluster;
				PRODUCT_NAME = "$(TARGET_NAME)";
				SWIFT_VERSION = 5.0;
			};
			name = Debug;
		};
		99944E1824AFCB19004AD573 /* Release */ = {
			isa = XCBuildConfiguration;
			buildSettings = {
				ASSETCATALOG_COMPILER_APPICON_NAME = AppIcon;
				CODE_SIGN_ENTITLEMENTS = xCluster/xCluster.entitlements;
				CODE_SIGN_STYLE = Automatic;
				COMBINE_HIDPI_IMAGES = YES;
				DEVELOPMENT_ASSET_PATHS = "\"xCluster/Preview Content\"";
				DEVELOPMENT_TEAM = JE278GX57V;
				ENABLE_HARDENED_RUNTIME = YES;
				ENABLE_PREVIEWS = YES;
				FRAMEWORK_SEARCH_PATHS = (
					"$(inherited)",
					"$(USER_LIBRARY_DIR)/Frameworks",
				);
				INFOPLIST_FILE = xCluster/Info.plist;
				LD_RUNPATH_SEARCH_PATHS = (
					"$(inherited)",
					"@executable_path/../Frameworks",
				);
				MACOSX_DEPLOYMENT_TARGET = 10.15;
				PRODUCT_BUNDLE_IDENTIFIER = com.w6op.xCluster;
				PRODUCT_NAME = "$(TARGET_NAME)";
				SWIFT_VERSION = 5.0;
			};
			name = Release;
		};
/* End XCBuildConfiguration section */

/* Begin XCConfigurationList section */
		99944DFE24AFCB18004AD573 /* Build configuration list for PBXProject "xCluster" */ = {
			isa = XCConfigurationList;
			buildConfigurations = (
				99944E1424AFCB19004AD573 /* Debug */,
				99944E1524AFCB19004AD573 /* Release */,
			);
			defaultConfigurationIsVisible = 0;
			defaultConfigurationName = Release;
		};
		99944E1624AFCB19004AD573 /* Build configuration list for PBXNativeTarget "xCluster" */ = {
			isa = XCConfigurationList;
			buildConfigurations = (
				99944E1724AFCB19004AD573 /* Debug */,
				99944E1824AFCB19004AD573 /* Release */,
			);
			defaultConfigurationIsVisible = 0;
			defaultConfigurationName = Release;
		};
/* End XCConfigurationList section */
	};
	rootObject = 99944DFB24AFCB18004AD573 /* Project object */;
}
